
Microsoft Visual Studio Solution File, Format Version 12.00
# Visual Studio Version 17
VisualStudioVersion = 17.11.35222.181
MinimumVisualStudioVersion = 10.0.40219.1
Project("{8BC9CEB8-8B4A-11D0-8D11-00A0C91BC942}") = "coursework_dynamic_data", "coursework_dynamic_data\coursework_dynamic_data.vcxproj", "{3AE3B4DE-E09D-4251-B00A-DC5548426BEB}"
EndProject
Global
	GlobalSection(SolutionConfigurationPlatforms) = preSolution
		Debug|x64 = Debug|x64
		Debug|x86 = Debug|x86
		Release|x64 = Release|x64
		Release|x86 = Release|x86
	EndGlobalSection
	GlobalSection(ProjectConfigurationPlatforms) = postSolution
		{3AE3B4DE-E09D-4251-B00A-DC5548426BEB}.Debug|x64.ActiveCfg = Debug|x64
		{3AE3B4DE-E09D-4251-B00A-DC5548426BEB}.Debug|x64.Build.0 = Debug|x64
		{3AE3B4DE-E09D-4251-B00A-DC5548426BEB}.Debug|x86.ActiveCfg = Debug|Win32
		{3AE3B4DE-E09D-4251-B00A-DC5548426BEB}.Debug|x86.Build.0 = Debug|Win32
		{3AE3B4DE-E09D-4251-B00A-DC5548426BEB}.Release|x64.ActiveCfg = Release|x64
		{3AE3B4DE-E09D-4251-B00A-DC5548426BEB}.Release|x64.Build.0 = Release|x64
		{3AE3B4DE-E09D-4251-B00A-DC5548426BEB}.Release|x86.ActiveCfg = Release|Win32
		{3AE3B4DE-E09D-4251-B00A-DC5548426BEB}.Release|x86.Build.0 = Release|Win32
	EndGlobalSection
	GlobalSection(SolutionProperties) = preSolution
		HideSolutionNode = FALSE
	EndGlobalSection
	GlobalSection(ExtensibilityGlobals) = postSolution
		SolutionGuid = {30552B81-7BC0-4818-B509-3B40D7DC40F3}
	EndGlobalSection
EndGlobal
